
Microsoft Visual Studio Solution File, Format Version 12.00
# Visual Studio Version 16
VisualStudioVersion = 16.0.31410.357
MinimumVisualStudioVersion = 10.0.40219.1
Project("{FAE04EC0-301F-11D3-BF4B-00C04F79EFBC}") = "CSharpAdvanced", "CSharpAdvanced\CSharpAdvanced.csproj", "{D76C4141-7C87-47B1-A166-5E8BB023D0CA}"
EndProject
Global
	GlobalSection(SolutionConfigurationPlatforms) = preSolution
		Debug|Any CPU = Debug|Any CPU
		Release|Any CPU = Release|Any CPU
	EndGlobalSection
	GlobalSection(ProjectConfigurationPlatforms) = postSolution
		{D76C4141-7C87-47B1-A166-5E8BB023D0CA}.Debug|Any CPU.ActiveCfg = Debug|Any CPU
		{D76C4141-7C87-47B1-A166-5E8BB023D0CA}.Debug|Any CPU.Build.0 = Debug|Any CPU
		{D76C4141-7C87-47B1-A166-5E8BB023D0CA}.Release|Any CPU.ActiveCfg = Release|Any CPU
		{D76C4141-7C87-47B1-A166-5E8BB023D0CA}.Release|Any CPU.Build.0 = Release|Any CPU
	EndGlobalSection
	GlobalSection(SolutionProperties) = preSolution
		HideSolutionNode = FALSE
	EndGlobalSection
	GlobalSection(ExtensibilityGlobals) = postSolution
		SolutionGuid = {814DDF5C-0765-4A01-98F9-C8B64A43DE70}
	EndGlobalSection
EndGlobal
